
Microsoft Visual Studio Solution File, Format Version 12.00
# Visual Studio 15
VisualStudioVersion = 15.0.28307.1800
MinimumVisualStudioVersion = 10.0.40219.1
Project("{FAE04EC0-301F-11D3-BF4B-00C04F79EFBC}") = "CursoCSharp", "CursoCSharp\CursoCSharp.csproj", "{7BA33D28-573A-4825-865C-C99FFB593A5D}"
EndProject
Global
	GlobalSection(SolutionConfigurationPlatforms) = preSolution
		Debug|Any CPU = Debug|Any CPU
		Release|Any CPU = Release|Any CPU
	EndGlobalSection
	GlobalSection(ProjectConfigurationPlatforms) = postSolution
		{7BA33D28-573A-4825-865C-C99FFB593A5D}.Debug|Any CPU.ActiveCfg = Debug|Any CPU
		{7BA33D28-573A-4825-865C-C99FFB593A5D}.Debug|Any CPU.Build.0 = Debug|Any CPU
		{7BA33D28-573A-4825-865C-C99FFB593A5D}.Release|Any CPU.ActiveCfg = Release|Any CPU
		{7BA33D28-573A-4825-865C-C99FFB593A5D}.Release|Any CPU.Build.0 = Release|Any CPU
	EndGlobalSection
	GlobalSection(SolutionProperties) = preSolution
		HideSolutionNode = FALSE
	EndGlobalSection
	GlobalSection(ExtensibilityGlobals) = postSolution
		SolutionGuid = {43EF221C-BC34-4D2A-BED7-FD2A97FE7A07}
	EndGlobalSection
EndGlobal
